
Microsoft Visual Studio Solution File, Format Version 12.00
# Visual Studio 15
VisualStudioVersion = 15.0.27703.2035
MinimumVisualStudioVersion = 10.0.40219.1
Project("{FAE04EC0-301F-11D3-BF4B-00C04F79EFBC}") = "VaceProject", "VaceProject\VaceProject.csproj", "{C503D8D6-1171-460B-B06F-28A52D89BC7D}"
EndProject
Project("{FAE04EC0-301F-11D3-BF4B-00C04F79EFBC}") = "VaceProject.Tests", "VaceProject.Tests\VaceProject.Tests.csproj", "{B3B406B5-0F7D-4D55-A3B6-06FD363ED0F7}"
EndProject
Global
	GlobalSection(SolutionConfigurationPlatforms) = preSolution
		Debug|Any CPU = Debug|Any CPU
		Release|Any CPU = Release|Any CPU
	EndGlobalSection
	GlobalSection(ProjectConfigurationPlatforms) = postSolution
		{C503D8D6-1171-460B-B06F-28A52D89BC7D}.Debug|Any CPU.ActiveCfg = Debug|Any CPU
		{C503D8D6-1171-460B-B06F-28A52D89BC7D}.Debug|Any CPU.Build.0 = Debug|Any CPU
		{C503D8D6-1171-460B-B06F-28A52D89BC7D}.Release|Any CPU.ActiveCfg = Release|Any CPU
		{C503D8D6-1171-460B-B06F-28A52D89BC7D}.Release|Any CPU.Build.0 = Release|Any CPU
		{B3B406B5-0F7D-4D55-A3B6-06FD363ED0F7}.Debug|Any CPU.ActiveCfg = Debug|Any CPU
		{B3B406B5-0F7D-4D55-A3B6-06FD363ED0F7}.Debug|Any CPU.Build.0 = Debug|Any CPU
		{B3B406B5-0F7D-4D55-A3B6-06FD363ED0F7}.Release|Any CPU.ActiveCfg = Release|Any CPU
		{B3B406B5-0F7D-4D55-A3B6-06FD363ED0F7}.Release|Any CPU.Build.0 = Release|Any CPU
	EndGlobalSection
	GlobalSection(SolutionProperties) = preSolution
		HideSolutionNode = FALSE
	EndGlobalSection
	GlobalSection(ExtensibilityGlobals) = postSolution
		SolutionGuid = {ED44DBEE-26FA-485A-B3AD-9B1FF8CFD9A9}
	EndGlobalSection
EndGlobal
